{
  "nodes": {
    "nixpkgs": {
      "locked": {
        "lastModified": 1774386573,
        "narHash": "sha256-4hAV26quOxdC6iyG7kYaZcM3VOskcPUrdCQd/nx8obc=",
        "owner": "NixOS",
        "repo": "nixpkgs",
        "rev": "46db2e09e1d3f113a13c0d7b81e2f221c63b8ce9",
        "type": "github"
      },
      "original": {
        "owner": "NixOS",
        "ref": "nixos-unstable",
        "repo": "nixpkgs",
        "type": "github"
      }
    },
    "pyproject-build-systems": {
      "inputs": {
        "nixpkgs": [
          "nixpkgs"
        ],
        "pyproject-nix": [
          "pyproject-nix"
        ],
        "uv2nix": [
          "uv2nix"
        ]
      },
      "locked": {
        "lastModified": 1773870109,
        "narHash": "sha256-ZoTdqZP03DcdoyxvpFHCAek4bkPUTUPUF3oCCgc3dP4=",
        "owner": "pyproject-nix",
        "repo": "build-system-pkgs",
        "rev": "b6e74f433b02fa4b8a7965ee24680f4867e2926f",
        "type": "github"
      },
      "original": {
        "owner": "pyproject-nix",
        "repo": "build-system-pkgs",
        "type": "github"
      }
    },
    "pyproject-nix": {
      "inputs": {
        "nixpkgs": [
          "nixpkgs"
        ]
      },
      "locked": {
        "lastModified": 1774462087,
        "narHash": "sha256-wqlfHPW9kHipudh66gGcxfTUL0XmZQ1sp7D6oD8R2k4=",
        "owner": "pyproject-nix",
        "repo": "pyproject.nix",
        "rev": "f79a3fdbd4c04eb01ae98d41b79d0a8733ddefa2",
        "type": "github"
      },
      "original": {
        "owner": "pyproject-nix",
        "repo": "pyproject.nix",
        "type": "github"
      }
    },
    "root": {
      "inputs": {
        "nixpkgs": "nixpkgs",
        "pyproject-build-systems": "pyproject-build-systems",
        "pyproject-nix": "pyproject-nix",
        "uv2nix": "uv2nix"
      }
    },
    "uv2nix": {
      "inputs": {
        "nixpkgs": [
          "nixpkgs"
        ],
        "pyproject-nix": [
          "pyproject-nix"
        ]
      },
      "locked": {
        "lastModified": 1774490495,
        "narHash": "sha256-a9WmQWj8fF7BctZGCoyzpUjP6GJw8H+lxl+zxpGnETk=",
        "owner": "pyproject-nix",
        "repo": "uv2nix",
        "rev": "18ae62fc5e389e3069854a7c66455c22e31708fc",
        "type": "github"
      },
      "original": {
        "owner": "pyproject-nix",
        "repo": "uv2nix",
        "type": "github"
      }
    }
  },
  "root": "root",
  "version": 7
}
